
Microsoft Visual Studio Solution File, Format Version 12.00
# Visual Studio Version 17
VisualStudioVersion = 17.0.31903.59
MinimumVisualStudioVersion = 10.0.40219.1
Project("{FAE04EC0-301F-11D3-BF4B-00C04F79EFBC}") = "Evropa.World.Infrastructure", "Evropa.World.Infrastructure\Evropa.World.Infrastructure.csproj", "{05FA674D-7303-4331-8ABC-7DE663F35CB9}"
EndProject
Project("{FAE04EC0-301F-11D3-BF4B-00C04F79EFBC}") = "Evropa", "Evropa\Evropa.csproj", "{1969DDCE-C0DA-45D3-8317-1BEF0F97DD14}"
EndProject
Project("{FAE04EC0-301F-11D3-BF4B-00C04F79EFBC}") = "Evropa.World.Core", "Evropa.World.Core\Evropa.World.Core.csproj", "{0EE53C77-881E-45E6-B906-8DAEFCBBADE9}"
EndProject
Project("{FAE04EC0-301F-11D3-BF4B-00C04F79EFBC}") = "Evropa.Core", "Evropa.Core\Evropa.Core.csproj", "{A7B8C9D0-E1F2-3456-7890-ABCDEF123456}"
EndProject
Project("{FAE04EC0-301F-11D3-BF4B-00C04F79EFBC}") = "Evropa.World.UnitTests", "Evropa.World.UnitTests\Evropa.World.UnitTests.csproj", "{9A4E595B-AE09-4446-AA40-1C9B9797B3A7}"
EndProject
Global
	GlobalSection(SolutionConfigurationPlatforms) = preSolution
		Debug|Any CPU = Debug|Any CPU
		Release|Any CPU = Release|Any CPU
	EndGlobalSection
	GlobalSection(SolutionProperties) = preSolution
		HideSolutionNode = FALSE
	EndGlobalSection
	GlobalSection(ProjectConfigurationPlatforms) = postSolution
		{05FA674D-7303-4331-8ABC-7DE663F35CB9}.Debug|Any CPU.ActiveCfg = Debug|Any CPU
		{05FA674D-7303-4331-8ABC-7DE663F35CB9}.Debug|Any CPU.Build.0 = Debug|Any CPU
		{05FA674D-7303-4331-8ABC-7DE663F35CB9}.Release|Any CPU.ActiveCfg = Release|Any CPU
		{05FA674D-7303-4331-8ABC-7DE663F35CB9}.Release|Any CPU.Build.0 = Release|Any CPU
		{1969DDCE-C0DA-45D3-8317-1BEF0F97DD14}.Debug|Any CPU.ActiveCfg = Debug|Any CPU
		{1969DDCE-C0DA-45D3-8317-1BEF0F97DD14}.Debug|Any CPU.Build.0 = Debug|Any CPU
		{1969DDCE-C0DA-45D3-8317-1BEF0F97DD14}.Release|Any CPU.ActiveCfg = Debug|Any CPU
		{1969DDCE-C0DA-45D3-8317-1BEF0F97DD14}.Release|Any CPU.Build.0 = Debug|Any CPU
		{0EE53C77-881E-45E6-B906-8DAEFCBBADE9}.Debug|Any CPU.ActiveCfg = Debug|Any CPU
		{0EE53C77-881E-45E6-B906-8DAEFCBBADE9}.Debug|Any CPU.Build.0 = Debug|Any CPU
		{0EE53C77-881E-45E6-B906-8DAEFCBBADE9}.Release|Any CPU.ActiveCfg = Release|Any CPU
		{0EE53C77-881E-45E6-B906-8DAEFCBBADE9}.Release|Any CPU.Build.0 = Release|Any CPU
		{9A4E595B-AE09-4446-AA40-1C9B9797B3A7}.Debug|Any CPU.ActiveCfg = Debug|Any CPU
		{9A4E595B-AE09-4446-AA40-1C9B9797B3A7}.Debug|Any CPU.Build.0 = Debug|Any CPU
		{9A4E595B-AE09-4446-AA40-1C9B9797B3A7}.Release|Any CPU.ActiveCfg = Release|Any CPU
		{9A4E595B-AE09-4446-AA40-1C9B9797B3A7}.Release|Any CPU.Build.0 = Release|Any CPU
		{A7B8C9D0-E1F2-3456-7890-ABCDEF123456}.Debug|Any CPU.ActiveCfg = Debug|Any CPU
		{A7B8C9D0-E1F2-3456-7890-ABCDEF123456}.Debug|Any CPU.Build.0 = Debug|Any CPU
		{A7B8C9D0-E1F2-3456-7890-ABCDEF123456}.Release|Any CPU.ActiveCfg = Release|Any CPU
		{A7B8C9D0-E1F2-3456-7890-ABCDEF123456}.Release|Any CPU.Build.0 = Release|Any CPU
	EndGlobalSection
EndGlobal
